// !$*UTF8*$!
{
	archiveVersion = 1;
	classes = {
	};
	objectVersion = 46;
	objects = {

/* Begin PBXBuildFile section */
		60105FD31EC9487200144BB6 /* TopicModel.swift in Sources */ = {isa = PBXBuildFile; fileRef = 60105FD21EC9487200144BB6 /* TopicModel.swift */; };
		60105FD51EC94A1E00144BB6 /* TopicTableViewCell.swift in Sources */ = {isa = PBXBuildFile; fileRef = 60105FD41EC94A1E00144BB6 /* TopicTableViewCell.swift */; };
		60105FD91EC963B500144BB6 /* Menu.xib in Resources */ = {isa = PBXBuildFile; fileRef = 60105FD81EC963B500144BB6 /* Menu.xib */; };
		60105FDE1EC9646700144BB6 /* MenuTableViewCell.swift in Sources */ = {isa = PBXBuildFile; fileRef = 60105FDC1EC9646700144BB6 /* MenuTableViewCell.swift */; };
		60105FDF1EC9646700144BB6 /* MenuTableViewCell.xib in Resources */ = {isa = PBXBuildFile; fileRef = 60105FDD1EC9646700144BB6 /* MenuTableViewCell.xib */; };
		60105FE91EC9AB1B00144BB6 /* MenuModel.swift in Sources */ = {isa = PBXBuildFile; fileRef = 60105FE81EC9AB1B00144BB6 /* MenuModel.swift */; };
		6012F2591EC469FC00B1DA95 /* DetailVC.swift in Sources */ = {isa = PBXBuildFile; fileRef = 6012F2581EC469FC00B1DA95 /* DetailVC.swift */; };
		6018897F1ECBE88D0094F3F0 /* VocTableViewCell.swift in Sources */ = {isa = PBXBuildFile; fileRef = 6018897D1ECBE88D0094F3F0 /* VocTableViewCell.swift */; };
		601889801ECBE88D0094F3F0 /* VocTableViewCell.xib in Resources */ = {isa = PBXBuildFile; fileRef = 6018897E1ECBE88D0094F3F0 /* VocTableViewCell.xib */; };
		601889821ECC09920094F3F0 /* ShareButton.swift in Sources */ = {isa = PBXBuildFile; fileRef = 601889811ECC09920094F3F0 /* ShareButton.swift */; };
		601889841ECC0A820094F3F0 /* ManagerAPI.swift in Sources */ = {isa = PBXBuildFile; fileRef = 601889831ECC0A820094F3F0 /* ManagerAPI.swift */; };
		602263071EC5BC310065F03D /* PlayerMini.xib in Resources */ = {isa = PBXBuildFile; fileRef = 602263061EC5BC310065F03D /* PlayerMini.xib */; };
		602263091EC5BD4F0065F03D /* PlayerMini.swift in Sources */ = {isa = PBXBuildFile; fileRef = 602263081EC5BD4F0065F03D /* PlayerMini.swift */; };
		60302CF21ECA9C3200EBD686 /* YearCollectionViewCell.swift in Sources */ = {isa = PBXBuildFile; fileRef = 60302CF11ECA9C3200EBD686 /* YearCollectionViewCell.swift */; };
		607341C11EC63A15009ABBD6 /* PlayListSongTableViewCell.swift in Sources */ = {isa = PBXBuildFile; fileRef = 607341BF1EC63A15009ABBD6 /* PlayListSongTableViewCell.swift */; };
		607341C21EC63A15009ABBD6 /* PlayListSongTableViewCell.xib in Resources */ = {isa = PBXBuildFile; fileRef = 607341C01EC63A15009ABBD6 /* PlayListSongTableViewCell.xib */; };
		60AE049F1EC2A8930046915C /* AppDelegate.swift in Sources */ = {isa = PBXBuildFile; fileRef = 60AE049E1EC2A8930046915C /* AppDelegate.swift */; };
		60AE04A11EC2A8930046915C /* ViewController.swift in Sources */ = {isa = PBXBuildFile; fileRef = 60AE04A01EC2A8930046915C /* ViewController.swift */; };
		60AE04A41EC2A8930046915C /* Main.storyboard in Resources */ = {isa = PBXBuildFile; fileRef = 60AE04A21EC2A8930046915C /* Main.storyboard */; };
		60AE04A61EC2A8930046915C /* Assets.xcassets in Resources */ = {isa = PBXBuildFile; fileRef = 60AE04A51EC2A8930046915C /* Assets.xcassets */; };
		60AE04A91EC2A8930046915C /* LaunchScreen.storyboard in Resources */ = {isa = PBXBuildFile; fileRef = 60AE04A71EC2A8930046915C /* LaunchScreen.storyboard */; };
		60C374E21ECC685E00B5C98F /* SettingViewController.swift in Sources */ = {isa = PBXBuildFile; fileRef = 60C374E11ECC685E00B5C98F /* SettingViewController.swift */; };
		60C73F161ECABDBF001B0E44 /* Menu.swift in Sources */ = {isa = PBXBuildFile; fileRef = 60C73F151ECABDBF001B0E44 /* Menu.swift */; };
/* End PBXBuildFile section */

/* Begin PBXFileReference section */
		60105FD21EC9487200144BB6 /* TopicModel.swift */ = {isa = PBXFileReference; fileEncoding = 4; lastKnownFileType = sourcecode.swift; path = TopicModel.swift; sourceTree = "<group>"; };
		60105FD41EC94A1E00144BB6 /* TopicTableViewCell.swift */ = {isa = PBXFileReference; fileEncoding = 4; lastKnownFileType = sourcecode.swift; path = TopicTableViewCell.swift; sourceTree = "<group>"; };
		60105FD81EC963B500144BB6 /* Menu.xib */ = {isa = PBXFileReference; fileEncoding = 4; lastKnownFileType = file.xib; path = Menu.xib; sourceTree = "<group>"; };
		60105FDC1EC9646700144BB6 /* MenuTableViewCell.swift */ = {isa = PBXFileReference; fileEncoding = 4; lastKnownFileType = sourcecode.swift; path = MenuTableViewCell.swift; sourceTree = "<group>"; };
		60105FDD1EC9646700144BB6 /* MenuTableViewCell.xib */ = {isa = PBXFileReference; fileEncoding = 4; lastKnownFileType = file.xib; path = MenuTableViewCell.xib; sourceTree = "<group>"; };
		60105FE81EC9AB1B00144BB6 /* MenuModel.swift */ = {isa = PBXFileReference; fileEncoding = 4; lastKnownFileType = sourcecode.swift; path = MenuModel.swift; sourceTree = "<group>"; };
		6012F2581EC469FC00B1DA95 /* DetailVC.swift */ = {isa = PBXFileReference; fileEncoding = 4; lastKnownFileType = sourcecode.swift; path = DetailVC.swift; sourceTree = "<group>"; };
		6018897D1ECBE88D0094F3F0 /* VocTableViewCell.swift */ = {isa = PBXFileReference; fileEncoding = 4; lastKnownFileType = sourcecode.swift; path = VocTableViewCell.swift; sourceTree = "<group>"; };
		6018897E1ECBE88D0094F3F0 /* VocTableViewCell.xib */ = {isa = PBXFileReference; fileEncoding = 4; lastKnownFileType = file.xib; path = VocTableViewCell.xib; sourceTree = "<group>"; };
		601889811ECC09920094F3F0 /* ShareButton.swift */ = {isa = PBXFileReference; fileEncoding = 4; lastKnownFileType = sourcecode.swift; path = ShareButton.swift; sourceTree = "<group>"; };
		601889831ECC0A820094F3F0 /* ManagerAPI.swift */ = {isa = PBXFileReference; fileEncoding = 4; lastKnownFileType = sourcecode.swift; path = ManagerAPI.swift; sourceTree = "<group>"; };
		602263061EC5BC310065F03D /* PlayerMini.xib */ = {isa = PBXFileReference; fileEncoding = 4; lastKnownFileType = file.xib; path = PlayerMini.xib; sourceTree = "<group>"; };
		602263081EC5BD4F0065F03D /* PlayerMini.swift */ = {isa = PBXFileReference; fileEncoding = 4; lastKnownFileType = sourcecode.swift; path = PlayerMini.swift; sourceTree = "<group>"; };
		60302CF11ECA9C3200EBD686 /* YearCollectionViewCell.swift */ = {isa = PBXFileReference; fileEncoding = 4; lastKnownFileType = sourcecode.swift; path = YearCollectionViewCell.swift; sourceTree = "<group>"; };
		607341BF1EC63A15009ABBD6 /* PlayListSongTableViewCell.swift */ = {isa = PBXFileReference; fileEncoding = 4; lastKnownFileType = sourcecode.swift; path = PlayListSongTableViewCell.swift; sourceTree = "<group>"; };
		607341C01EC63A15009ABBD6 /* PlayListSongTableViewCell.xib */ = {isa = PBXFileReference; fileEncoding = 4; lastKnownFileType = file.xib; path = PlayListSongTableViewCell.xib; sourceTree = "<group>"; };
		60AE049B1EC2A8930046915C /* EnglishForBBC.app */ = {isa = PBXFileReference; explicitFileType = wrapper.application; includeInIndex = 0; path = EnglishForBBC.app; sourceTree = BUILT_PRODUCTS_DIR; };
		60AE049E1EC2A8930046915C /* AppDelegate.swift */ = {isa = PBXFileReference; lastKnownFileType = sourcecode.swift; path = AppDelegate.swift; sourceTree = "<group>"; };
		60AE04A01EC2A8930046915C /* ViewController.swift */ = {isa = PBXFileReference; lastKnownFileType = sourcecode.swift; path = ViewController.swift; sourceTree = "<group>"; };
		60AE04A31EC2A8930046915C /* Base */ = {isa = PBXFileReference; lastKnownFileType = file.storyboard; name = Base; path = Base.lproj/Main.storyboard; sourceTree = "<group>"; };
		60AE04A51EC2A8930046915C /* Assets.xcassets */ = {isa = PBXFileReference; lastKnownFileType = folder.assetcatalog; path = Assets.xcassets; sourceTree = "<group>"; };
		60AE04A81EC2A8930046915C /* Base */ = {isa = PBXFileReference; lastKnownFileType = file.storyboard; name = Base; path = Base.lproj/LaunchScreen.storyboard; sourceTree = "<group>"; };
		60AE04AA1EC2A8930046915C /* Info.plist */ = {isa = PBXFileReference; lastKnownFileType = text.plist.xml; path = Info.plist; sourceTree = "<group>"; };
		60C374E11ECC685E00B5C98F /* SettingViewController.swift */ = {isa = PBXFileReference; fileEncoding = 4; lastKnownFileType = sourcecode.swift; path = SettingViewController.swift; sourceTree = "<group>"; };
		60C73F151ECABDBF001B0E44 /* Menu.swift */ = {isa = PBXFileReference; fileEncoding = 4; lastKnownFileType = sourcecode.swift; path = Menu.swift; sourceTree = "<group>"; };
/* End PBXFileReference section */

/* Begin PBXFrameworksBuildPhase section */
		60AE04981EC2A8930046915C /* Frameworks */ = {
			isa = PBXFrameworksBuildPhase;
			buildActionMask = 2147483647;
			files = (
			);
			runOnlyForDeploymentPostprocessing = 0;
		};
/* End PBXFrameworksBuildPhase section */

/* Begin PBXGroup section */
		60AE04921EC2A8930046915C = {
			isa = PBXGroup;
			children = (
				60AE049D1EC2A8930046915C /* EnglishForBBC */,
				60AE049C1EC2A8930046915C /* Products */,
			);
			sourceTree = "<group>";
		};
		60AE049C1EC2A8930046915C /* Products */ = {
			isa = PBXGroup;
			children = (
				60AE049B1EC2A8930046915C /* EnglishForBBC.app */,
			);
			name = Products;
			sourceTree = "<group>";
		};
		60AE049D1EC2A8930046915C /* EnglishForBBC */ = {
			isa = PBXGroup;
			children = (
				60AE049E1EC2A8930046915C /* AppDelegate.swift */,
				60AE04A01EC2A8930046915C /* ViewController.swift */,
				60AE04A21EC2A8930046915C /* Main.storyboard */,
				6012F2581EC469FC00B1DA95 /* DetailVC.swift */,
				60302CF11ECA9C3200EBD686 /* YearCollectionViewCell.swift */,
				60AE04A51EC2A8930046915C /* Assets.xcassets */,
				60AE04A71EC2A8930046915C /* LaunchScreen.storyboard */,
				60AE04AA1EC2A8930046915C /* Info.plist */,
				602263081EC5BD4F0065F03D /* PlayerMini.swift */,
				602263061EC5BC310065F03D /* PlayerMini.xib */,
				607341BF1EC63A15009ABBD6 /* PlayListSongTableViewCell.swift */,
				607341C01EC63A15009ABBD6 /* PlayListSongTableViewCell.xib */,
				6018897D1ECBE88D0094F3F0 /* VocTableViewCell.swift */,
				6018897E1ECBE88D0094F3F0 /* VocTableViewCell.xib */,
				60105FD21EC9487200144BB6 /* TopicModel.swift */,
				60105FD41EC94A1E00144BB6 /* TopicTableViewCell.swift */,
				60C73F151ECABDBF001B0E44 /* Menu.swift */,
				60105FD81EC963B500144BB6 /* Menu.xib */,
				60105FDC1EC9646700144BB6 /* MenuTableViewCell.swift */,
				60105FDD1EC9646700144BB6 /* MenuTableViewCell.xib */,
				60105FE81EC9AB1B00144BB6 /* MenuModel.swift */,
				601889811ECC09920094F3F0 /* ShareButton.swift */,
				601889831ECC0A820094F3F0 /* ManagerAPI.swift */,
				60C374E11ECC685E00B5C98F /* SettingViewController.swift */,
			);
			path = EnglishForBBC;
			sourceTree = "<group>";
		};
/* End PBXGroup section */

/* Begin PBXNativeTarget section */
		60AE049A1EC2A8930046915C /* EnglishForBBC */ = {
			isa = PBXNativeTarget;
			buildConfigurationList = 60AE04AD1EC2A8930046915C /* Build configuration list for PBXNativeTarget "EnglishForBBC" */;
			buildPhases = (
				60AE04971EC2A8930046915C /* Sources */,
				60AE04981EC2A8930046915C /* Frameworks */,
				60AE04991EC2A8930046915C /* Resources */,
			);
			buildRules = (
			);
			dependencies = (
			);
			name = EnglishForBBC;
			productName = Player;
			productReference = 60AE049B1EC2A8930046915C /* EnglishForBBC.app */;
			productType = "com.apple.product-type.application";
		};
/* End PBXNativeTarget section */

/* Begin PBXProject section */
		60AE04931EC2A8930046915C /* Project object */ = {
			isa = PBXProject;
			attributes = {
				LastSwiftUpdateCheck = 0830;
				LastUpgradeCheck = 0830;
				ORGANIZATIONNAME = "Duy Huan";
				TargetAttributes = {
					60AE049A1EC2A8930046915C = {
						CreatedOnToolsVersion = 8.3.2;
						ProvisioningStyle = Automatic;
						SystemCapabilities = {
							com.apple.BackgroundModes = {
								enabled = 1;
							};
						};
					};
				};
			};
			buildConfigurationList = 60AE04961EC2A8930046915C /* Build configuration list for PBXProject "EnglishForBBC" */;
			compatibilityVersion = "Xcode 3.2";
			developmentRegion = English;
			hasScannedForEncodings = 0;
			knownRegions = (
				en,
				Base,
			);
			mainGroup = 60AE04921EC2A8930046915C;
			productRefGroup = 60AE049C1EC2A8930046915C /* Products */;
			projectDirPath = "";
			projectRoot = "";
			targets = (
				60AE049A1EC2A8930046915C /* EnglishForBBC */,
			);
		};
/* End PBXProject section */

/* Begin PBXResourcesBuildPhase section */
		60AE04991EC2A8930046915C /* Resources */ = {
			isa = PBXResourcesBuildPhase;
			buildActionMask = 2147483647;
			files = (
				601889801ECBE88D0094F3F0 /* VocTableViewCell.xib in Resources */,
				607341C21EC63A15009ABBD6 /* PlayListSongTableViewCell.xib in Resources */,
				60105FDF1EC9646700144BB6 /* MenuTableViewCell.xib in Resources */,
				60AE04A91EC2A8930046915C /* LaunchScreen.storyboard in Resources */,
				602263071EC5BC310065F03D /* PlayerMini.xib in Resources */,
				60AE04A61EC2A8930046915C /* Assets.xcassets in Resources */,
				60105FD91EC963B500144BB6 /* Menu.xib in Resources */,
				60AE04A41EC2A8930046915C /* Main.storyboard in Resources */,
			);
			runOnlyForDeploymentPostprocessing = 0;
		};
/* End PBXResourcesBuildPhase section */

/* Begin PBXSourcesBuildPhase section */
		60AE04971EC2A8930046915C /* Sources */ = {
			isa = PBXSourcesBuildPhase;
			buildActionMask = 2147483647;
			files = (
				60105FD31EC9487200144BB6 /* TopicModel.swift in Sources */,
				60AE04A11EC2A8930046915C /* ViewController.swift in Sources */,
				60105FE91EC9AB1B00144BB6 /* MenuModel.swift in Sources */,
				602263091EC5BD4F0065F03D /* PlayerMini.swift in Sources */,
				6018897F1ECBE88D0094F3F0 /* VocTableViewCell.swift in Sources */,
				60C374E21ECC685E00B5C98F /* SettingViewController.swift in Sources */,
				60105FD51EC94A1E00144BB6 /* TopicTableViewCell.swift in Sources */,
				60C73F161ECABDBF001B0E44 /* Menu.swift in Sources */,
				60105FDE1EC9646700144BB6 /* MenuTableViewCell.swift in Sources */,
				60302CF21ECA9C3200EBD686 /* YearCollectionViewCell.swift in Sources */,
				607341C11EC63A15009ABBD6 /* PlayListSongTableViewCell.swift in Sources */,
				601889841ECC0A820094F3F0 /* ManagerAPI.swift in Sources */,
				6012F2591EC469FC00B1DA95 /* DetailVC.swift in Sources */,
				601889821ECC09920094F3F0 /* ShareButton.swift in Sources */,
				60AE049F1EC2A8930046915C /* AppDelegate.swift in Sources */,
			);
			runOnlyForDeploymentPostprocessing = 0;
		};
/* End PBXSourcesBuildPhase section */

/* Begin PBXVariantGroup section */
		60AE04A21EC2A8930046915C /* Main.storyboard */ = {
			isa = PBXVariantGroup;
			children = (
				60AE04A31EC2A8930046915C /* Base */,
			);
			name = Main.storyboard;
			sourceTree = "<group>";
		};
		60AE04A71EC2A8930046915C /* LaunchScreen.storyboard */ = {
			isa = PBXVariantGroup;
			children = (
				60AE04A81EC2A8930046915C /* Base */,
			);
			name = LaunchScreen.storyboard;
			sourceTree = "<group>";
		};
/* End PBXVariantGroup section */

/* Begin XCBuildConfiguration section */
		60AE04AB1EC2A8930046915C /* Debug */ = {
			isa = XCBuildConfiguration;
			buildSettings = {
				ALWAYS_SEARCH_USER_PATHS = NO;
				CLANG_ANALYZER_NONNULL = YES;
				CLANG_ANALYZER_NUMBER_OBJECT_CONVERSION = YES_AGGRESSIVE;
				CLANG_CXX_LANGUAGE_STANDARD = "gnu++0x";
				CLANG_CXX_LIBRARY = "libc++";
				CLANG_ENABLE_MODULES = YES;
				CLANG_ENABLE_OBJC_ARC = YES;
				CLANG_WARN_BOOL_CONVERSION = YES;
				CLANG_WARN_CONSTANT_CONVERSION = YES;
				CLANG_WARN_DIRECT_OBJC_ISA_USAGE = YES_ERROR;
				CLANG_WARN_DOCUMENTATION_COMMENTS = YES;
				CLANG_WARN_EMPTY_BODY = YES;
				CLANG_WARN_ENUM_CONVERSION = YES;
				CLANG_WARN_INFINITE_RECURSION = YES;
				CLANG_WARN_INT_CONVERSION = YES;
				CLANG_WARN_OBJC_ROOT_CLASS = YES_ERROR;
				CLANG_WARN_SUSPICIOUS_MOVE = YES;
				CLANG_WARN_UNREACHABLE_CODE = YES;
				CLANG_WARN__DUPLICATE_METHOD_MATCH = YES;
				"CODE_SIGN_IDENTITY[sdk=iphoneos*]" = "iPhone Developer";
				COPY_PHASE_STRIP = NO;
				DEBUG_ACTIVITY_MODE = "";
				"DEBUG_ACTIVITY_MODE[sdk=iphonesimulator*]" = disable;
				DEBUG_INFORMATION_FORMAT = dwarf;
				ENABLE_STRICT_OBJC_MSGSEND = YES;
				ENABLE_TESTABILITY = YES;
				GCC_C_LANGUAGE_STANDARD = gnu99;
				GCC_DYNAMIC_NO_PIC = NO;
				GCC_NO_COMMON_BLOCKS = YES;
				GCC_OPTIMIZATION_LEVEL = 0;
				GCC_PREPROCESSOR_DEFINITIONS = (
					"DEBUG=1",
					"$(inherited)",
				);
				GCC_WARN_64_TO_32_BIT_CONVERSION = YES;
				GCC_WARN_ABOUT_RETURN_TYPE = YES_ERROR;
				GCC_WARN_UNDECLARED_SELECTOR = YES;
				GCC_WARN_UNINITIALIZED_AUTOS = YES_AGGRESSIVE;
				GCC_WARN_UNUSED_FUNCTION = YES;
				GCC_WARN_UNUSED_VARIABLE = YES;
				IPHONEOS_DEPLOYMENT_TARGET = 10.3;
				MTL_ENABLE_DEBUG_INFO = YES;
				ONLY_ACTIVE_ARCH = YES;
				SDKROOT = iphoneos;
				SWIFT_ACTIVE_COMPILATION_CONDITIONS = DEBUG;
				SWIFT_OPTIMIZATION_LEVEL = "-Onone";
				TARGETED_DEVICE_FAMILY = "1,2";
			};
			name = Debug;
		};
		60AE04AC1EC2A8930046915C /* Release */ = {
			isa = XCBuildConfiguration;
			buildSettings = {
				ALWAYS_SEARCH_USER_PATHS = NO;
				CLANG_ANALYZER_NONNULL = YES;
				CLANG_ANALYZER_NUMBER_OBJECT_CONVERSION = YES_AGGRESSIVE;
				CLANG_CXX_LANGUAGE_STANDARD = "gnu++0x";
				CLANG_CXX_LIBRARY = "libc++";
				CLANG_ENABLE_MODULES = YES;
				CLANG_ENABLE_OBJC_ARC = YES;
				CLANG_WARN_BOOL_CONVERSION = YES;
				CLANG_WARN_CONSTANT_CONVERSION = YES;
				CLANG_WARN_DIRECT_OBJC_ISA_USAGE = YES_ERROR;
				CLANG_WARN_DOCUMENTATION_COMMENTS = YES;
				CLANG_WARN_EMPTY_BODY = YES;
				CLANG_WARN_ENUM_CONVERSION = YES;
				CLANG_WARN_INFINITE_RECURSION = YES;
				CLANG_WARN_INT_CONVERSION = YES;
				CLANG_WARN_OBJC_ROOT_CLASS = YES_ERROR;
				CLANG_WARN_SUSPICIOUS_MOVE = YES;
				CLANG_WARN_UNREACHABLE_CODE = YES;
				CLANG_WARN__DUPLICATE_METHOD_MATCH = YES;
				"CODE_SIGN_IDENTITY[sdk=iphoneos*]" = "iPhone Developer";
				COPY_PHASE_STRIP = NO;
				DEBUG_ACTIVITY_MODE = "";
				DEBUG_INFORMATION_FORMAT = "dwarf-with-dsym";
				ENABLE_NS_ASSERTIONS = NO;
				ENABLE_STRICT_OBJC_MSGSEND = YES;
				GCC_C_LANGUAGE_STANDARD = gnu99;
				GCC_NO_COMMON_BLOCKS = YES;
				GCC_WARN_64_TO_32_BIT_CONVERSION = YES;
				GCC_WARN_ABOUT_RETURN_TYPE = YES_ERROR;
				GCC_WARN_UNDECLARED_SELECTOR = YES;
				GCC_WARN_UNINITIALIZED_AUTOS = YES_AGGRESSIVE;
				GCC_WARN_UNUSED_FUNCTION = YES;
				GCC_WARN_UNUSED_VARIABLE = YES;
				IPHONEOS_DEPLOYMENT_TARGET = 10.3;
				MTL_ENABLE_DEBUG_INFO = NO;
				SDKROOT = iphoneos;
				SWIFT_OPTIMIZATION_LEVEL = "-Owholemodule";
				TARGETED_DEVICE_FAMILY = "1,2";
				VALIDATE_PRODUCT = YES;
			};
			name = Release;
		};
		60AE04AE1EC2A8930046915C /* Debug */ = {
			isa = XCBuildConfiguration;
			buildSettings = {
				ASSETCATALOG_COMPILER_APPICON_NAME = AppIcon;
				ASSETCATALOG_COMPILER_LAUNCHIMAGE_NAME = LaunchImage;
				INFOPLIST_FILE = EnglishForBBC/Info.plist;
				LD_RUNPATH_SEARCH_PATHS = "$(inherited) @executable_path/Frameworks";
				PRODUCT_BUNDLE_IDENTIFIER = duyhuan.EnglishForBBC;
				PRODUCT_NAME = "$(TARGET_NAME)";
				SWIFT_VERSION = 3.0;
			};
			name = Debug;
		};
		60AE04AF1EC2A8930046915C /* Release */ = {
			isa = XCBuildConfiguration;
			buildSettings = {
				ASSETCATALOG_COMPILER_APPICON_NAME = AppIcon;
				ASSETCATALOG_COMPILER_LAUNCHIMAGE_NAME = LaunchImage;
				INFOPLIST_FILE = EnglishForBBC/Info.plist;
				LD_RUNPATH_SEARCH_PATHS = "$(inherited) @executable_path/Frameworks";
				PRODUCT_BUNDLE_IDENTIFIER = duyhuan.EnglishForBBC;
				PRODUCT_NAME = "$(TARGET_NAME)";
				SWIFT_VERSION = 3.0;
			};
			name = Release;
		};
/* End XCBuildConfiguration section */

/* Begin XCConfigurationList section */
		60AE04961EC2A8930046915C /* Build configuration list for PBXProject "EnglishForBBC" */ = {
			isa = XCConfigurationList;
			buildConfigurations = (
				60AE04AB1EC2A8930046915C /* Debug */,
				60AE04AC1EC2A8930046915C /* Release */,
			);
			defaultConfigurationIsVisible = 0;
			defaultConfigurationName = Release;
		};
		60AE04AD1EC2A8930046915C /* Build configuration list for PBXNativeTarget "EnglishForBBC" */ = {
			isa = XCConfigurationList;
			buildConfigurations = (
				60AE04AE1EC2A8930046915C /* Debug */,
				60AE04AF1EC2A8930046915C /* Release */,
			);
			defaultConfigurationIsVisible = 0;
			defaultConfigurationName = Release;
		};
/* End XCConfigurationList section */
	};
	rootObject = 60AE04931EC2A8930046915C /* Project object */;
}
